
Microsoft Visual Studio Solution File, Format Version 12.00
# Visual Studio Version 16
VisualStudioVersion = 16.0.28531.58
MinimumVisualStudioVersion = 10.0.40219.1
Project("{FAE04EC0-301F-11D3-BF4B-00C04F79EFBC}") = "Graph2", "Graph2\Graph2.csproj", "{C2CB7E71-9871-48F9-8245-C068A053A76A}"
EndProject
Global
	GlobalSection(SolutionConfigurationPlatforms) = preSolution
		Debug|Any CPU = Debug|Any CPU
		Release|Any CPU = Release|Any CPU
	EndGlobalSection
	GlobalSection(ProjectConfigurationPlatforms) = postSolution
		{C2CB7E71-9871-48F9-8245-C068A053A76A}.Debug|Any CPU.ActiveCfg = Debug|Any CPU
		{C2CB7E71-9871-48F9-8245-C068A053A76A}.Debug|Any CPU.Build.0 = Debug|Any CPU
		{C2CB7E71-9871-48F9-8245-C068A053A76A}.Release|Any CPU.ActiveCfg = Release|Any CPU
		{C2CB7E71-9871-48F9-8245-C068A053A76A}.Release|Any CPU.Build.0 = Release|Any CPU
	EndGlobalSection
	GlobalSection(SolutionProperties) = preSolution
		HideSolutionNode = FALSE
	EndGlobalSection
	GlobalSection(ExtensibilityGlobals) = postSolution
		SolutionGuid = {74A4CA57-111C-4431-A463-0B54554DDB0C}
	EndGlobalSection
EndGlobal
